
Microsoft Visual Studio Solution File, Format Version 12.00
# Visual Studio Version 16
VisualStudioVersion = 16.0.29905.134
MinimumVisualStudioVersion = 10.0.40219.1
Project("{9A19103F-16F7-4668-BE54-9A1E7A4F7556}") = "BlobStorage", "src\BlobStorage\BlobStorage.csproj", "{48C03828-DA00-4159-BE76-36AF5FDAC75E}"
EndProject
Global
	GlobalSection(SolutionConfigurationPlatforms) = preSolution
		Debug|Any CPU = Debug|Any CPU
		Release|Any CPU = Release|Any CPU
	EndGlobalSection
	GlobalSection(ProjectConfigurationPlatforms) = postSolution
		{48C03828-DA00-4159-BE76-36AF5FDAC75E}.Debug|Any CPU.ActiveCfg = Debug|Any CPU
		{48C03828-DA00-4159-BE76-36AF5FDAC75E}.Debug|Any CPU.Build.0 = Debug|Any CPU
		{48C03828-DA00-4159-BE76-36AF5FDAC75E}.Release|Any CPU.ActiveCfg = Release|Any CPU
		{48C03828-DA00-4159-BE76-36AF5FDAC75E}.Release|Any CPU.Build.0 = Release|Any CPU
	EndGlobalSection
	GlobalSection(SolutionProperties) = preSolution
		HideSolutionNode = FALSE
	EndGlobalSection
	GlobalSection(ExtensibilityGlobals) = postSolution
		SolutionGuid = {5B22EB85-C348-4821-ADD0-705BB4944BE3}
	EndGlobalSection
EndGlobal
